{"resource_id":"sres-v1-sha256:5d33010881508da61dd5b13fcf52d942e042de3054e6ae0906a1a0c80e72e3d8","canonical_name":"react-modernization","target_platform":"cursor","content_hash":"f4f72bdc903f1711f4999cf88698b0bd98f80c1aa0539ba7c451f8ca6cda8dac","installed_utc":"2026-09-03T03:23:10.4076031Z"}
{"resource_id":"sres-v1-sha256:bb1de008f9cee59ccc77bad4314d9fd6f0a18ff3e66224ddb2690277d1d6e3ba","canonical_name":"simpo-reference-free-preference-optimization","target_platform":"cursor","content_hash":"cae74cf20a704219eed62422c31c57f7b4cb7a40b3270e53999f35b54b88efec","installed_utc":"2026-09-03T03:23:50.8370884Z"}
{"resource_id":"sres-v1-sha256:bb1de008f9cee59ccc77bad4314d9fd6f0a18ff3e66224ddb2690277d1d6e3ba","canonical_name":"simpo-reference-free-preference-optimization","target_platform":"cursor","content_hash":"8098ce41852fba3525cc588daaa79b207191e4214d5dcdc1475614e800031cf1","installed_utc":"2026-09-03T19:28:56.7104422Z"}
{"resource_id":"sres-v1-sha256:bb1de008f9cee59ccc77bad4314d9fd6f0a18ff3e66224ddb2690277d1d6e3ba","canonical_name":"simpo-reference-free-preference-optimization","target_platform":"cursor","content_hash":"8098ce41852fba3525cc588daaa79b207191e4214d5dcdc1475614e800031cf1","installed_utc":"2026-09-03T20:14:39.3911868Z"}
# TOMBSTONE: simpo-reference-free-preference-optimization uninstalled at 2026-09-03T20:14:47.5430187Z
